
Microsoft Visual Studio Solution File, Format Version 12.00
# Visual Studio Version 17
VisualStudioVersion = 17.3.32929.385
MinimumVisualStudioVersion = 10.0.40219.1
Project("{FAE04EC0-301F-11D3-BF4B-00C04F79EFBC}") = "oltopont_perprog_zhgyak", "oltopont_perprog_zhgyak\oltopont_perprog_zhgyak.csproj", "{E466575E-1761-4CEF-AAB8-40AA6780D9AF}"
EndProject
Global
	GlobalSection(SolutionConfigurationPlatforms) = preSolution
		Debug|Any CPU = Debug|Any CPU
		Release|Any CPU = Release|Any CPU
	EndGlobalSection
	GlobalSection(ProjectConfigurationPlatforms) = postSolution
		{E466575E-1761-4CEF-AAB8-40AA6780D9AF}.Debug|Any CPU.ActiveCfg = Debug|Any CPU
		{E466575E-1761-4CEF-AAB8-40AA6780D9AF}.Debug|Any CPU.Build.0 = Debug|Any CPU
		{E466575E-1761-4CEF-AAB8-40AA6780D9AF}.Release|Any CPU.ActiveCfg = Release|Any CPU
		{E466575E-1761-4CEF-AAB8-40AA6780D9AF}.Release|Any CPU.Build.0 = Release|Any CPU
	EndGlobalSection
	GlobalSection(SolutionProperties) = preSolution
		HideSolutionNode = FALSE
	EndGlobalSection
	GlobalSection(ExtensibilityGlobals) = postSolution
		SolutionGuid = {CCA95448-3199-434E-8DF8-413B01DCCAD8}
	EndGlobalSection
EndGlobal
